
Microsoft Visual Studio Solution File, Format Version 12.00
# Visual Studio Version 17
VisualStudioVersion = 17.2.32630.192
MinimumVisualStudioVersion = 10.0.40219.1
Project("{FAE04EC0-301F-11D3-BF4B-00C04F79EFBC}") = "calculator", "calculator\calculator.csproj", "{D57BF38E-9AD0-46B4-A955-B29D032FD3FA}"
EndProject
Global
	GlobalSection(SolutionConfigurationPlatforms) = preSolution
		Debug|Any CPU = Debug|Any CPU
		Release|Any CPU = Release|Any CPU
	EndGlobalSection
	GlobalSection(ProjectConfigurationPlatforms) = postSolution
		{D57BF38E-9AD0-46B4-A955-B29D032FD3FA}.Debug|Any CPU.ActiveCfg = Debug|Any CPU
		{D57BF38E-9AD0-46B4-A955-B29D032FD3FA}.Debug|Any CPU.Build.0 = Debug|Any CPU
		{D57BF38E-9AD0-46B4-A955-B29D032FD3FA}.Release|Any CPU.ActiveCfg = Release|Any CPU
		{D57BF38E-9AD0-46B4-A955-B29D032FD3FA}.Release|Any CPU.Build.0 = Release|Any CPU
	EndGlobalSection
	GlobalSection(SolutionProperties) = preSolution
		HideSolutionNode = FALSE
	EndGlobalSection
	GlobalSection(ExtensibilityGlobals) = postSolution
		SolutionGuid = {B9238EEF-376B-4049-AAD0-FDBEB0DDC01F}
	EndGlobalSection
EndGlobal
